
Microsoft Visual Studio Solution File, Format Version 12.00
# Visual Studio 2012
Project("{FAE04EC0-301F-11D3-BF4B-00C04F79EFBC}") = "firstTrial", "firstTrial\firstTrial.csproj", "{A72C3E89-14C6-4B40-895E-3F118A33F0D3}"
EndProject
Global
	GlobalSection(SolutionConfigurationPlatforms) = preSolution
		Debug|Any CPU = Debug|Any CPU
		Release|Any CPU = Release|Any CPU
	EndGlobalSection
	GlobalSection(ProjectConfigurationPlatforms) = postSolution
		{A72C3E89-14C6-4B40-895E-3F118A33F0D3}.Debug|Any CPU.ActiveCfg = Debug|Any CPU
		{A72C3E89-14C6-4B40-895E-3F118A33F0D3}.Debug|Any CPU.Build.0 = Debug|Any CPU
		{A72C3E89-14C6-4B40-895E-3F118A33F0D3}.Release|Any CPU.ActiveCfg = Release|Any CPU
		{A72C3E89-14C6-4B40-895E-3F118A33F0D3}.Release|Any CPU.Build.0 = Release|Any CPU
	EndGlobalSection
	GlobalSection(SolutionProperties) = preSolution
		HideSolutionNode = FALSE
	EndGlobalSection
EndGlobal
